// !$*UTF8*$!
{
	archiveVersion = 1;
	classes = {
	};
	objectVersion = 56;
	objects = {

/* Begin PBXBuildFile section */
		6C3663BF2A3BA472009DB955 /* AppDelegate.swift in Sources */ = {isa = PBXBuildFile; fileRef = 6C3663BE2A3BA472009DB955 /* AppDelegate.swift */; };
		6C3663C12A3BA472009DB955 /* SceneDelegate.swift in Sources */ = {isa = PBXBuildFile; fileRef = 6C3663C02A3BA472009DB955 /* SceneDelegate.swift */; };
		6C3663C32A3BA472009DB955 /* WeatherViewController.swift in Sources */ = {isa = PBXBuildFile; fileRef = 6C3663C22A3BA472009DB955 /* WeatherViewController.swift */; };
		6C3663C62A3BA472009DB955 /* Main.storyboard in Resources */ = {isa = PBXBuildFile; fileRef = 6C3663C42A3BA472009DB955 /* Main.storyboard */; };
		6C3663C82A3BA473009DB955 /* Assets.xcassets in Resources */ = {isa = PBXBuildFile; fileRef = 6C3663C72A3BA473009DB955 /* Assets.xcassets */; };
		6C3663CB2A3BA473009DB955 /* LaunchScreen.storyboard in Resources */ = {isa = PBXBuildFile; fileRef = 6C3663C92A3BA473009DB955 /* LaunchScreen.storyboard */; };
		6C3663D32A3BA4F4009DB955 /* Webservice.swift in Sources */ = {isa = PBXBuildFile; fileRef = 6C3663D22A3BA4F4009DB955 /* Webservice.swift */; };
		6C3663D52A3BA5A9009DB955 /* WeatherModel.swift in Sources */ = {isa = PBXBuildFile; fileRef = 6C3663D42A3BA5A9009DB955 /* WeatherModel.swift */; };
		6C3663D72A3BA8DC009DB955 /* WeatherViewModel.swift in Sources */ = {isa = PBXBuildFile; fileRef = 6C3663D62A3BA8DC009DB955 /* WeatherViewModel.swift */; };
		6CC8D7C12A3D1C8100D49910 /* WeatherDemoTests.swift in Sources */ = {isa = PBXBuildFile; fileRef = 6CC8D7C02A3D1C8100D49910 /* WeatherDemoTests.swift */; };
		6CC8D7C82A3D21CB00D49910 /* WebserviceTests.swift in Sources */ = {isa = PBXBuildFile; fileRef = 6CC8D7C72A3D21CB00D49910 /* WebserviceTests.swift */; };
/* End PBXBuildFile section */

/* Begin PBXContainerItemProxy section */
		6CC8D7C22A3D1C8100D49910 /* PBXContainerItemProxy */ = {
			isa = PBXContainerItemProxy;
			containerPortal = 6C3663B32A3BA472009DB955 /* Project object */;
			proxyType = 1;
			remoteGlobalIDString = 6C3663BA2A3BA472009DB955;
			remoteInfo = WeatherDemo;
		};
/* End PBXContainerItemProxy section */

/* Begin PBXFileReference section */
		6C3663BB2A3BA472009DB955 /* WeatherDemo.app */ = {isa = PBXFileReference; explicitFileType = wrapper.application; includeInIndex = 0; path = WeatherDemo.app; sourceTree = BUILT_PRODUCTS_DIR; };
		6C3663BE2A3BA472009DB955 /* AppDelegate.swift */ = {isa = PBXFileReference; lastKnownFileType = sourcecode.swift; path = AppDelegate.swift; sourceTree = "<group>"; };
		6C3663C02A3BA472009DB955 /* SceneDelegate.swift */ = {isa = PBXFileReference; lastKnownFileType = sourcecode.swift; path = SceneDelegate.swift; sourceTree = "<group>"; };
		6C3663C22A3BA472009DB955 /* WeatherViewController.swift */ = {isa = PBXFileReference; lastKnownFileType = sourcecode.swift; path = WeatherViewController.swift; sourceTree = "<group>"; };
		6C3663C52A3BA472009DB955 /* Base */ = {isa = PBXFileReference; lastKnownFileType = file.storyboard; name = Base; path = Base.lproj/Main.storyboard; sourceTree = "<group>"; };
		6C3663C72A3BA473009DB955 /* Assets.xcassets */ = {isa = PBXFileReference; lastKnownFileType = folder.assetcatalog; path = Assets.xcassets; sourceTree = "<group>"; };
		6C3663CA2A3BA473009DB955 /* Base */ = {isa = PBXFileReference; lastKnownFileType = file.storyboard; name = Base; path = Base.lproj/LaunchScreen.storyboard; sourceTree = "<group>"; };
		6C3663CC2A3BA473009DB955 /* Info.plist */ = {isa = PBXFileReference; lastKnownFileType = text.plist.xml; path = Info.plist; sourceTree = "<group>"; };
		6C3663D22A3BA4F4009DB955 /* Webservice.swift */ = {isa = PBXFileReference; lastKnownFileType = sourcecode.swift; path = Webservice.swift; sourceTree = "<group>"; };
		6C3663D42A3BA5A9009DB955 /* WeatherModel.swift */ = {isa = PBXFileReference; lastKnownFileType = sourcecode.swift; path = WeatherModel.swift; sourceTree = "<group>"; };
		6C3663D62A3BA8DC009DB955 /* WeatherViewModel.swift */ = {isa = PBXFileReference; lastKnownFileType = sourcecode.swift; path = WeatherViewModel.swift; sourceTree = "<group>"; };
		6CC8D7BE2A3D1C8100D49910 /* WeatherDemoTests.xctest */ = {isa = PBXFileReference; explicitFileType = wrapper.cfbundle; includeInIndex = 0; path = WeatherDemoTests.xctest; sourceTree = BUILT_PRODUCTS_DIR; };
		6CC8D7C02A3D1C8100D49910 /* WeatherDemoTests.swift */ = {isa = PBXFileReference; lastKnownFileType = sourcecode.swift; path = WeatherDemoTests.swift; sourceTree = "<group>"; };
		6CC8D7C72A3D21CB00D49910 /* WebserviceTests.swift */ = {isa = PBXFileReference; lastKnownFileType = sourcecode.swift; path = WebserviceTests.swift; sourceTree = "<group>"; };
/* End PBXFileReference section */

/* Begin PBXFrameworksBuildPhase section */
		6C3663B82A3BA472009DB955 /* Frameworks */ = {
			isa = PBXFrameworksBuildPhase;
			buildActionMask = 2147483647;
			files = (
			);
			runOnlyForDeploymentPostprocessing = 0;
		};
		6CC8D7BB2A3D1C8100D49910 /* Frameworks */ = {
			isa = PBXFrameworksBuildPhase;
			buildActionMask = 2147483647;
			files = (
			);
			runOnlyForDeploymentPostprocessing = 0;
		};
/* End PBXFrameworksBuildPhase section */

/* Begin PBXGroup section */
		6C3663B22A3BA472009DB955 = {
			isa = PBXGroup;
			children = (
				6C3663BD2A3BA472009DB955 /* WeatherDemo */,
				6CC8D7BF2A3D1C8100D49910 /* WeatherDemoTests */,
				6C3663BC2A3BA472009DB955 /* Products */,
			);
			sourceTree = "<group>";
		};
		6C3663BC2A3BA472009DB955 /* Products */ = {
			isa = PBXGroup;
			children = (
				6C3663BB2A3BA472009DB955 /* WeatherDemo.app */,
				6CC8D7BE2A3D1C8100D49910 /* WeatherDemoTests.xctest */,
			);
			name = Products;
			sourceTree = "<group>";
		};
		6C3663BD2A3BA472009DB955 /* WeatherDemo */ = {
			isa = PBXGroup;
			children = (
				6C3663BE2A3BA472009DB955 /* AppDelegate.swift */,
				6C3663C02A3BA472009DB955 /* SceneDelegate.swift */,
				6C3663C22A3BA472009DB955 /* WeatherViewController.swift */,
				6C3663C42A3BA472009DB955 /* Main.storyboard */,
				6C3663C72A3BA473009DB955 /* Assets.xcassets */,
				6C3663C92A3BA473009DB955 /* LaunchScreen.storyboard */,
				6C3663CC2A3BA473009DB955 /* Info.plist */,
				6C3663D22A3BA4F4009DB955 /* Webservice.swift */,
				6C3663D42A3BA5A9009DB955 /* WeatherModel.swift */,
				6C3663D62A3BA8DC009DB955 /* WeatherViewModel.swift */,
			);
			path = WeatherDemo;
			sourceTree = "<group>";
		};
		6CC8D7BF2A3D1C8100D49910 /* WeatherDemoTests */ = {
			isa = PBXGroup;
			children = (
				6CC8D7C02A3D1C8100D49910 /* WeatherDemoTests.swift */,
				6CC8D7C72A3D21CB00D49910 /* WebserviceTests.swift */,
			);
			path = WeatherDemoTests;
			sourceTree = "<group>";
		};
/* End PBXGroup section */

/* Begin PBXNativeTarget section */
		6C3663BA2A3BA472009DB955 /* WeatherDemo */ = {
			isa = PBXNativeTarget;
			buildConfigurationList = 6C3663CF2A3BA473009DB955 /* Build configuration list for PBXNativeTarget "WeatherDemo" */;
			buildPhases = (
				6C3663B72A3BA472009DB955 /* Sources */,
				6C3663B82A3BA472009DB955 /* Frameworks */,
				6C3663B92A3BA472009DB955 /* Resources */,
			);
			buildRules = (
			);
			dependencies = (
			);
			name = WeatherDemo;
			productName = WeatherDemo;
			productReference = 6C3663BB2A3BA472009DB955 /* WeatherDemo.app */;
			productType = "com.apple.product-type.application";
		};
		6CC8D7BD2A3D1C8100D49910 /* WeatherDemoTests */ = {
			isa = PBXNativeTarget;
			buildConfigurationList = 6CC8D7C62A3D1C8100D49910 /* Build configuration list for PBXNativeTarget "WeatherDemoTests" */;
			buildPhases = (
				6CC8D7BA2A3D1C8100D49910 /* Sources */,
				6CC8D7BB2A3D1C8100D49910 /* Frameworks */,
				6CC8D7BC2A3D1C8100D49910 /* Resources */,
			);
			buildRules = (
			);
			dependencies = (
				6CC8D7C32A3D1C8100D49910 /* PBXTargetDependency */,
			);
			name = WeatherDemoTests;
			productName = WeatherDemoTests;
			productReference = 6CC8D7BE2A3D1C8100D49910 /* WeatherDemoTests.xctest */;
			productType = "com.apple.product-type.bundle.unit-test";
		};
/* End PBXNativeTarget section */

/* Begin PBXProject section */
		6C3663B32A3BA472009DB955 /* Project object */ = {
			isa = PBXProject;
			attributes = {
				BuildIndependentTargetsInParallel = 1;
				LastSwiftUpdateCheck = 1430;
				LastUpgradeCheck = 1430;
				TargetAttributes = {
					6C3663BA2A3BA472009DB955 = {
						CreatedOnToolsVersion = 14.3.1;
					};
					6CC8D7BD2A3D1C8100D49910 = {
						CreatedOnToolsVersion = 14.3.1;
						TestTargetID = 6C3663BA2A3BA472009DB955;
					};
				};
			};
			buildConfigurationList = 6C3663B62A3BA472009DB955 /* Build configuration list for PBXProject "WeatherDemo" */;
			compatibilityVersion = "Xcode 14.0";
			developmentRegion = en;
			hasScannedForEncodings = 0;
			knownRegions = (
				en,
				Base,
			);
			mainGroup = 6C3663B22A3BA472009DB955;
			productRefGroup = 6C3663BC2A3BA472009DB955 /* Products */;
			projectDirPath = "";
			projectRoot = "";
			targets = (
				6C3663BA2A3BA472009DB955 /* WeatherDemo */,
				6CC8D7BD2A3D1C8100D49910 /* WeatherDemoTests */,
			);
		};
/* End PBXProject section */

/* Begin PBXResourcesBuildPhase section */
		6C3663B92A3BA472009DB955 /* Resources */ = {
			isa = PBXResourcesBuildPhase;
			buildActionMask = 2147483647;
			files = (
				6C3663CB2A3BA473009DB955 /* LaunchScreen.storyboard in Resources */,
				6C3663C82A3BA473009DB955 /* Assets.xcassets in Resources */,
				6C3663C62A3BA472009DB955 /* Main.storyboard in Resources */,
			);
			runOnlyForDeploymentPostprocessing = 0;
		};
		6CC8D7BC2A3D1C8100D49910 /* Resources */ = {
			isa = PBXResourcesBuildPhase;
			buildActionMask = 2147483647;
			files = (
			);
			runOnlyForDeploymentPostprocessing = 0;
		};
/* End PBXResourcesBuildPhase section */

/* Begin PBXSourcesBuildPhase section */
		6C3663B72A3BA472009DB955 /* Sources */ = {
			isa = PBXSourcesBuildPhase;
			buildActionMask = 2147483647;
			files = (
				6C3663C32A3BA472009DB955 /* WeatherViewController.swift in Sources */,
				6C3663D72A3BA8DC009DB955 /* WeatherViewModel.swift in Sources */,
				6C3663BF2A3BA472009DB955 /* AppDelegate.swift in Sources */,
				6C3663D32A3BA4F4009DB955 /* Webservice.swift in Sources */,
				6C3663C12A3BA472009DB955 /* SceneDelegate.swift in Sources */,
				6C3663D52A3BA5A9009DB955 /* WeatherModel.swift in Sources */,
			);
			runOnlyForDeploymentPostprocessing = 0;
		};
		6CC8D7BA2A3D1C8100D49910 /* Sources */ = {
			isa = PBXSourcesBuildPhase;
			buildActionMask = 2147483647;
			files = (
				6CC8D7C82A3D21CB00D49910 /* WebserviceTests.swift in Sources */,
				6CC8D7C12A3D1C8100D49910 /* WeatherDemoTests.swift in Sources */,
			);
			runOnlyForDeploymentPostprocessing = 0;
		};
/* End PBXSourcesBuildPhase section */

/* Begin PBXTargetDependency section */
		6CC8D7C32A3D1C8100D49910 /* PBXTargetDependency */ = {
			isa = PBXTargetDependency;
			target = 6C3663BA2A3BA472009DB955 /* WeatherDemo */;
			targetProxy = 6CC8D7C22A3D1C8100D49910 /* PBXContainerItemProxy */;
		};
/* End PBXTargetDependency section */

/* Begin PBXVariantGroup section */
		6C3663C42A3BA472009DB955 /* Main.storyboard */ = {
			isa = PBXVariantGroup;
			children = (
				6C3663C52A3BA472009DB955 /* Base */,
			);
			name = Main.storyboard;
			sourceTree = "<group>";
		};
		6C3663C92A3BA473009DB955 /* LaunchScreen.storyboard */ = {
			isa = PBXVariantGroup;
			children = (
				6C3663CA2A3BA473009DB955 /* Base */,
			);
			name = LaunchScreen.storyboard;
			sourceTree = "<group>";
		};
/* End PBXVariantGroup section */

/* Begin XCBuildConfiguration section */
		6C3663CD2A3BA473009DB955 /* Debug */ = {
			isa = XCBuildConfiguration;
			buildSettings = {
				ALWAYS_SEARCH_USER_PATHS = NO;
				CLANG_ANALYZER_NONNULL = YES;
				CLANG_ANALYZER_NUMBER_OBJECT_CONVERSION = YES_AGGRESSIVE;
				CLANG_CXX_LANGUAGE_STANDARD = "gnu++20";
				CLANG_ENABLE_MODULES = YES;
				CLANG_ENABLE_OBJC_ARC = YES;
				CLANG_ENABLE_OBJC_WEAK = YES;
				CLANG_WARN_BLOCK_CAPTURE_AUTORELEASING = YES;
				CLANG_WARN_BOOL_CONVERSION = YES;
				CLANG_WARN_COMMA = YES;
				CLANG_WARN_CONSTANT_CONVERSION = YES;
				CLANG_WARN_DEPRECATED_OBJC_IMPLEMENTATIONS = YES;
				CLANG_WARN_DIRECT_OBJC_ISA_USAGE = YES_ERROR;
				CLANG_WARN_DOCUMENTATION_COMMENTS = YES;
				CLANG_WARN_EMPTY_BODY = YES;
				CLANG_WARN_ENUM_CONVERSION = YES;
				CLANG_WARN_INFINITE_RECURSION = YES;
				CLANG_WARN_INT_CONVERSION = YES;
				CLANG_WARN_NON_LITERAL_NULL_CONVERSION = YES;
				CLANG_WARN_OBJC_IMPLICIT_RETAIN_SELF = YES;
				CLANG_WARN_OBJC_LITERAL_CONVERSION = YES;
				CLANG_WARN_OBJC_ROOT_CLASS = YES_ERROR;
				CLANG_WARN_QUOTED_INCLUDE_IN_FRAMEWORK_HEADER = YES;
				CLANG_WARN_RANGE_LOOP_ANALYSIS = YES;
				CLANG_WARN_STRICT_PROTOTYPES = YES;
				CLANG_WARN_SUSPICIOUS_MOVE = YES;
				CLANG_WARN_UNGUARDED_AVAILABILITY = YES_AGGRESSIVE;
				CLANG_WARN_UNREACHABLE_CODE = YES;
				CLANG_WARN__DUPLICATE_METHOD_MATCH = YES;
				COPY_PHASE_STRIP = NO;
				DEBUG_INFORMATION_FORMAT = dwarf;
				ENABLE_STRICT_OBJC_MSGSEND = YES;
				ENABLE_TESTABILITY = YES;
				GCC_C_LANGUAGE_STANDARD = gnu11;
				GCC_DYNAMIC_NO_PIC = NO;
				GCC_NO_COMMON_BLOCKS = YES;
				GCC_OPTIMIZATION_LEVEL = 0;
				GCC_PREPROCESSOR_DEFINITIONS = (
					"DEBUG=1",
					"$(inherited)",
				);
				GCC_WARN_64_TO_32_BIT_CONVERSION = YES;
				GCC_WARN_ABOUT_RETURN_TYPE = YES_ERROR;
				GCC_WARN_UNDECLARED_SELECTOR = YES;
				GCC_WARN_UNINITIALIZED_AUTOS = YES_AGGRESSIVE;
				GCC_WARN_UNUSED_FUNCTION = YES;
				GCC_WARN_UNUSED_VARIABLE = YES;
				IPHONEOS_DEPLOYMENT_TARGET = 16.4;
				MTL_ENABLE_DEBUG_INFO = INCLUDE_SOURCE;
				MTL_FAST_MATH = YES;
				ONLY_ACTIVE_ARCH = YES;
				SDKROOT = iphoneos;
				SWIFT_ACTIVE_COMPILATION_CONDITIONS = DEBUG;
				SWIFT_OPTIMIZATION_LEVEL = "-Onone";
			};
			name = Debug;
		};
		6C3663CE2A3BA473009DB955 /* Release */ = {
			isa = XCBuildConfiguration;
			buildSettings = {
				ALWAYS_SEARCH_USER_PATHS = NO;
				CLANG_ANALYZER_NONNULL = YES;
				CLANG_ANALYZER_NUMBER_OBJECT_CONVERSION = YES_AGGRESSIVE;
				CLANG_CXX_LANGUAGE_STANDARD = "gnu++20";
				CLANG_ENABLE_MODULES = YES;
				CLANG_ENABLE_OBJC_ARC = YES;
				CLANG_ENABLE_OBJC_WEAK = YES;
				CLANG_WARN_BLOCK_CAPTURE_AUTORELEASING = YES;
				CLANG_WARN_BOOL_CONVERSION = YES;
				CLANG_WARN_COMMA = YES;
				CLANG_WARN_CONSTANT_CONVERSION = YES;
				CLANG_WARN_DEPRECATED_OBJC_IMPLEMENTATIONS = YES;
				CLANG_WARN_DIRECT_OBJC_ISA_USAGE = YES_ERROR;
				CLANG_WARN_DOCUMENTATION_COMMENTS = YES;
				CLANG_WARN_EMPTY_BODY = YES;
				CLANG_WARN_ENUM_CONVERSION = YES;
				CLANG_WARN_INFINITE_RECURSION = YES;
				CLANG_WARN_INT_CONVERSION = YES;
				CLANG_WARN_NON_LITERAL_NULL_CONVERSION = YES;
				CLANG_WARN_OBJC_IMPLICIT_RETAIN_SELF = YES;
				CLANG_WARN_OBJC_LITERAL_CONVERSION = YES;
				CLANG_WARN_OBJC_ROOT_CLASS = YES_ERROR;
				CLANG_WARN_QUOTED_INCLUDE_IN_FRAMEWORK_HEADER = YES;
				CLANG_WARN_RANGE_LOOP_ANALYSIS = YES;
				CLANG_WARN_STRICT_PROTOTYPES = YES;
				CLANG_WARN_SUSPICIOUS_MOVE = YES;
				CLANG_WARN_UNGUARDED_AVAILABILITY = YES_AGGRESSIVE;
				CLANG_WARN_UNREACHABLE_CODE = YES;
				CLANG_WARN__DUPLICATE_METHOD_MATCH = YES;
				COPY_PHASE_STRIP = NO;
				DEBUG_INFORMATION_FORMAT = "dwarf-with-dsym";
				ENABLE_NS_ASSERTIONS = NO;
				ENABLE_STRICT_OBJC_MSGSEND = YES;
				GCC_C_LANGUAGE_STANDARD = gnu11;
				GCC_NO_COMMON_BLOCKS = YES;
				GCC_WARN_64_TO_32_BIT_CONVERSION = YES;
				GCC_WARN_ABOUT_RETURN_TYPE = YES_ERROR;
				GCC_WARN_UNDECLARED_SELECTOR = YES;
				GCC_WARN_UNINITIALIZED_AUTOS = YES_AGGRESSIVE;
				GCC_WARN_UNUSED_FUNCTION = YES;
				GCC_WARN_UNUSED_VARIABLE = YES;
				IPHONEOS_DEPLOYMENT_TARGET = 16.4;
				MTL_ENABLE_DEBUG_INFO = NO;
				MTL_FAST_MATH = YES;
				SDKROOT = iphoneos;
				SWIFT_COMPILATION_MODE = wholemodule;
				SWIFT_OPTIMIZATION_LEVEL = "-O";
				VALIDATE_PRODUCT = YES;
			};
			name = Release;
		};
		6C3663D02A3BA473009DB955 /* Debug */ = {
			isa = XCBuildConfiguration;
			buildSettings = {
				ASSETCATALOG_COMPILER_APPICON_NAME = AppIcon;
				ASSETCATALOG_COMPILER_GLOBAL_ACCENT_COLOR_NAME = AccentColor;
				CODE_SIGN_STYLE = Automatic;
				CURRENT_PROJECT_VERSION = 1;
				DEVELOPMENT_TEAM = 28Z45T22J2;
				GENERATE_INFOPLIST_FILE = YES;
				INFOPLIST_FILE = WeatherDemo/Info.plist;
				INFOPLIST_KEY_UIApplicationSupportsIndirectInputEvents = YES;
				INFOPLIST_KEY_UILaunchStoryboardName = LaunchScreen;
				INFOPLIST_KEY_UIMainStoryboardFile = Main;
				INFOPLIST_KEY_UISupportedInterfaceOrientations_iPad = "UIInterfaceOrientationPortrait UIInterfaceOrientationPortraitUpsideDown UIInterfaceOrientationLandscapeLeft UIInterfaceOrientationLandscapeRight";
				INFOPLIST_KEY_UISupportedInterfaceOrientations_iPhone = "UIInterfaceOrientationPortrait UIInterfaceOrientationLandscapeLeft UIInterfaceOrientationLandscapeRight";
				LD_RUNPATH_SEARCH_PATHS = (
					"$(inherited)",
					"@executable_path/Frameworks",
				);
				MARKETING_VERSION = 1.0;
				PRODUCT_BUNDLE_IDENTIFIER = com.rotadevsolutions.WeatherDemo;
				PRODUCT_NAME = "$(TARGET_NAME)";
				SWIFT_EMIT_LOC_STRINGS = YES;
				SWIFT_VERSION = 5.0;
				TARGETED_DEVICE_FAMILY = "1,2";
			};
			name = Debug;
		};
		6C3663D12A3BA473009DB955 /* Release */ = {
			isa = XCBuildConfiguration;
			buildSettings = {
				ASSETCATALOG_COMPILER_APPICON_NAME = AppIcon;
				ASSETCATALOG_COMPILER_GLOBAL_ACCENT_COLOR_NAME = AccentColor;
				CODE_SIGN_STYLE = Automatic;
				CURRENT_PROJECT_VERSION = 1;
				DEVELOPMENT_TEAM = 28Z45T22J2;
				GENERATE_INFOPLIST_FILE = YES;
				INFOPLIST_FILE = WeatherDemo/Info.plist;
				INFOPLIST_KEY_UIApplicationSupportsIndirectInputEvents = YES;
				INFOPLIST_KEY_UILaunchStoryboardName = LaunchScreen;
				INFOPLIST_KEY_UIMainStoryboardFile = Main;
				INFOPLIST_KEY_UISupportedInterfaceOrientations_iPad = "UIInterfaceOrientationPortrait UIInterfaceOrientationPortraitUpsideDown UIInterfaceOrientationLandscapeLeft UIInterfaceOrientationLandscapeRight";
				INFOPLIST_KEY_UISupportedInterfaceOrientations_iPhone = "UIInterfaceOrientationPortrait UIInterfaceOrientationLandscapeLeft UIInterfaceOrientationLandscapeRight";
				LD_RUNPATH_SEARCH_PATHS = (
					"$(inherited)",
					"@executable_path/Frameworks",
				);
				MARKETING_VERSION = 1.0;
				PRODUCT_BUNDLE_IDENTIFIER = com.rotadevsolutions.WeatherDemo;
				PRODUCT_NAME = "$(TARGET_NAME)";
				SWIFT_EMIT_LOC_STRINGS = YES;
				SWIFT_VERSION = 5.0;
				TARGETED_DEVICE_FAMILY = "1,2";
			};
			name = Release;
		};
		6CC8D7C42A3D1C8100D49910 /* Debug */ = {
			isa = XCBuildConfiguration;
			buildSettings = {
				BUNDLE_LOADER = "$(TEST_HOST)";
				CODE_SIGN_STYLE = Automatic;
				CURRENT_PROJECT_VERSION = 1;
				DEVELOPMENT_TEAM = 28Z45T22J2;
				GENERATE_INFOPLIST_FILE = YES;
				IPHONEOS_DEPLOYMENT_TARGET = 16.4;
				MACOSX_DEPLOYMENT_TARGET = 13.3;
				MARKETING_VERSION = 1.0;
				PRODUCT_BUNDLE_IDENTIFIER = com.rotadevsolutions.WeatherDemoTests;
				PRODUCT_NAME = "$(TARGET_NAME)";
				SDKROOT = auto;
				SUPPORTED_PLATFORMS = "iphoneos iphonesimulator macosx";
				SWIFT_EMIT_LOC_STRINGS = NO;
				SWIFT_VERSION = 5.0;
				TARGETED_DEVICE_FAMILY = "1,2";
				TEST_HOST = "$(BUILT_PRODUCTS_DIR)/WeatherDemo.app/$(BUNDLE_EXECUTABLE_FOLDER_PATH)/WeatherDemo";
			};
			name = Debug;
		};
		6CC8D7C52A3D1C8100D49910 /* Release */ = {
			isa = XCBuildConfiguration;
			buildSettings = {
				BUNDLE_LOADER = "$(TEST_HOST)";
				CODE_SIGN_STYLE = Automatic;
				CURRENT_PROJECT_VERSION = 1;
				DEVELOPMENT_TEAM = 28Z45T22J2;
				GENERATE_INFOPLIST_FILE = YES;
				IPHONEOS_DEPLOYMENT_TARGET = 16.4;
				MACOSX_DEPLOYMENT_TARGET = 13.3;
				MARKETING_VERSION = 1.0;
				PRODUCT_BUNDLE_IDENTIFIER = com.rotadevsolutions.WeatherDemoTests;
				PRODUCT_NAME = "$(TARGET_NAME)";
				SDKROOT = auto;
				SUPPORTED_PLATFORMS = "iphoneos iphonesimulator macosx";
				SWIFT_EMIT_LOC_STRINGS = NO;
				SWIFT_VERSION = 5.0;
				TARGETED_DEVICE_FAMILY = "1,2";
				TEST_HOST = "$(BUILT_PRODUCTS_DIR)/WeatherDemo.app/$(BUNDLE_EXECUTABLE_FOLDER_PATH)/WeatherDemo";
			};
			name = Release;
		};
/* End XCBuildConfiguration section */

/* Begin XCConfigurationList section */
		6C3663B62A3BA472009DB955 /* Build configuration list for PBXProject "WeatherDemo" */ = {
			isa = XCConfigurationList;
			buildConfigurations = (
				6C3663CD2A3BA473009DB955 /* Debug */,
				6C3663CE2A3BA473009DB955 /* Release */,
			);
			defaultConfigurationIsVisible = 0;
			defaultConfigurationName = Release;
		};
		6C3663CF2A3BA473009DB955 /* Build configuration list for PBXNativeTarget "WeatherDemo" */ = {
			isa = XCConfigurationList;
			buildConfigurations = (
				6C3663D02A3BA473009DB955 /* Debug */,
				6C3663D12A3BA473009DB955 /* Release */,
			);
			defaultConfigurationIsVisible = 0;
			defaultConfigurationName = Release;
		};
		6CC8D7C62A3D1C8100D49910 /* Build configuration list for PBXNativeTarget "WeatherDemoTests" */ = {
			isa = XCConfigurationList;
			buildConfigurations = (
				6CC8D7C42A3D1C8100D49910 /* Debug */,
				6CC8D7C52A3D1C8100D49910 /* Release */,
			);
			defaultConfigurationIsVisible = 0;
			defaultConfigurationName = Release;
		};
/* End XCConfigurationList section */
	};
	rootObject = 6C3663B32A3BA472009DB955 /* Project object */;
}
